
Microsoft Visual Studio Solution File, Format Version 12.00
# Visual Studio for Mac
Project("{FAE04EC0-301F-11D3-BF4B-00C04F79EFBC}") = "Assembly-CSharp", "Assembly-CSharp.csproj", "{7F79271D-F41F-444A-4435-FA1E8BCD71A5}"
EndProject
Project("{FAE04EC0-301F-11D3-BF4B-00C04F79EFBC}") = "Assembly-CSharp-Editor", "Assembly-CSharp-Editor.csproj", "{4903E0A2-1E9E-9CF3-BFAB-3037C8677016}"
EndProject
Global
	GlobalSection(SolutionConfigurationPlatforms) = preSolution
		Debug|Any CPU = Debug|Any CPU
		Release|Any CPU = Release|Any CPU
	EndGlobalSection
	GlobalSection(ProjectConfigurationPlatforms) = postSolution
		{7F79271D-F41F-444A-4435-FA1E8BCD71A5}.Debug|Any CPU.ActiveCfg = Debug|Any CPU
		{7F79271D-F41F-444A-4435-FA1E8BCD71A5}.Debug|Any CPU.Build.0 = Debug|Any CPU
		{7F79271D-F41F-444A-4435-FA1E8BCD71A5}.Release|Any CPU.ActiveCfg = Release|Any CPU
		{7F79271D-F41F-444A-4435-FA1E8BCD71A5}.Release|Any CPU.Build.0 = Release|Any CPU
		{4903E0A2-1E9E-9CF3-BFAB-3037C8677016}.Debug|Any CPU.ActiveCfg = Debug|Any CPU
		{4903E0A2-1E9E-9CF3-BFAB-3037C8677016}.Debug|Any CPU.Build.0 = Debug|Any CPU
		{4903E0A2-1E9E-9CF3-BFAB-3037C8677016}.Release|Any CPU.ActiveCfg = Release|Any CPU
		{4903E0A2-1E9E-9CF3-BFAB-3037C8677016}.Release|Any CPU.Build.0 = Release|Any CPU
	EndGlobalSection
	GlobalSection(SolutionProperties) = preSolution
		HideSolutionNode = FALSE
	EndGlobalSection
EndGlobal
